
Microsoft Visual Studio Solution File, Format Version 12.00
# Visual Studio Version 16
VisualStudioVersion = 16.0.30907.101
MinimumVisualStudioVersion = 10.0.40219.1
Project("{9A19103F-16F7-4668-BE54-9A1E7A4F7556}") = "Platform.Data.Doublets.Json", "csharp\Platform.Data.Doublets.Json\Platform.Data.Doublets.Json.csproj", "{2AC80942-5F54-4ECE-AB3F-D58E4990B983}"
EndProject
Project("{9A19103F-16F7-4668-BE54-9A1E7A4F7556}") = "Platform.Data.Doublets.Json.Tests", "csharp\Platform.Data.Doublets.Json.Tests\Platform.Data.Doublets.Json.Tests.csproj", "{8863DF39-EFD9-4CC7-A705-830C6F950BB1}"
EndProject
Project("{9A19103F-16F7-4668-BE54-9A1E7A4F7556}") = "Platform.Data.Doublets.Json.Benchmarks", "csharp\Platform.Data.Doublets.Json.Benchmarks\Platform.Data.Doublets.Json.Benchmarks.csproj", "{D1695392-8558-486A-B6D6-E5DEC23F5B30}"
EndProject
Project("{FAE04EC0-301F-11D3-BF4B-00C04F79EFBC}") = "Platform.Data.Doublets.Json.Importer", "csharp\Platform.Data.Doublets.Json.Importer\Platform.Data.Doublets.Json.Importer.csproj", "{57B29A5E-88AC-4327-9DF2-E60C287BAC8E}"
EndProject
Project("{FAE04EC0-301F-11D3-BF4B-00C04F79EFBC}") = "Platform.Data.Doublets.Json.Exporter", "csharp\Platform.Data.Doublets.Json.Exporter\Platform.Data.Doublets.Json.Exporter.csproj", "{40F233AA-4CEB-49FC-96B2-51BFD9EC1958}"
EndProject
Global
	GlobalSection(SolutionConfigurationPlatforms) = preSolution
		Debug|Any CPU = Debug|Any CPU
		Release|Any CPU = Release|Any CPU
	EndGlobalSection
	GlobalSection(ProjectConfigurationPlatforms) = postSolution
		{2AC80942-5F54-4ECE-AB3F-D58E4990B983}.Debug|Any CPU.ActiveCfg = Debug|Any CPU
		{2AC80942-5F54-4ECE-AB3F-D58E4990B983}.Debug|Any CPU.Build.0 = Debug|Any CPU
		{2AC80942-5F54-4ECE-AB3F-D58E4990B983}.Release|Any CPU.ActiveCfg = Release|Any CPU
		{2AC80942-5F54-4ECE-AB3F-D58E4990B983}.Release|Any CPU.Build.0 = Release|Any CPU
		{8863DF39-EFD9-4CC7-A705-830C6F950BB1}.Debug|Any CPU.ActiveCfg = Debug|Any CPU
		{8863DF39-EFD9-4CC7-A705-830C6F950BB1}.Debug|Any CPU.Build.0 = Debug|Any CPU
		{8863DF39-EFD9-4CC7-A705-830C6F950BB1}.Release|Any CPU.ActiveCfg = Release|Any CPU
		{8863DF39-EFD9-4CC7-A705-830C6F950BB1}.Release|Any CPU.Build.0 = Release|Any CPU
		{D1695392-8558-486A-B6D6-E5DEC23F5B30}.Debug|Any CPU.ActiveCfg = Debug|Any CPU
		{D1695392-8558-486A-B6D6-E5DEC23F5B30}.Debug|Any CPU.Build.0 = Debug|Any CPU
		{D1695392-8558-486A-B6D6-E5DEC23F5B30}.Release|Any CPU.ActiveCfg = Release|Any CPU
		{D1695392-8558-486A-B6D6-E5DEC23F5B30}.Release|Any CPU.Build.0 = Release|Any CPU
		{57B29A5E-88AC-4327-9DF2-E60C287BAC8E}.Debug|Any CPU.ActiveCfg = Debug|Any CPU
		{57B29A5E-88AC-4327-9DF2-E60C287BAC8E}.Debug|Any CPU.Build.0 = Debug|Any CPU
		{57B29A5E-88AC-4327-9DF2-E60C287BAC8E}.Release|Any CPU.ActiveCfg = Release|Any CPU
		{57B29A5E-88AC-4327-9DF2-E60C287BAC8E}.Release|Any CPU.Build.0 = Release|Any CPU
		{40F233AA-4CEB-49FC-96B2-51BFD9EC1958}.Debug|Any CPU.ActiveCfg = Debug|Any CPU
		{40F233AA-4CEB-49FC-96B2-51BFD9EC1958}.Debug|Any CPU.Build.0 = Debug|Any CPU
		{40F233AA-4CEB-49FC-96B2-51BFD9EC1958}.Release|Any CPU.ActiveCfg = Release|Any CPU
		{40F233AA-4CEB-49FC-96B2-51BFD9EC1958}.Release|Any CPU.Build.0 = Release|Any CPU
	EndGlobalSection
	GlobalSection(SolutionProperties) = preSolution
		HideSolutionNode = FALSE
	EndGlobalSection
	GlobalSection(ExtensibilityGlobals) = postSolution
		SolutionGuid = {62A3E301-2442-43FB-A742-F71355983321}
	EndGlobalSection
EndGlobal
